<?xml version="1.0" encoding="utf-8"?>
<Project ToolsVersion="4.0" xmlns="http://schemas.microsoft.com/developer/msbuild/2003">
  <ItemGroup>
    <Filter Include="Factory">
      <UniqueIdentifier>{0e970338-751a-47c0-8f58-00925a95e8a0}</UniqueIdentifier>
    </Filter>
    <Filter Include="Main">
      <UniqueIdentifier>{c8a5786f-bfe3-4aea-9331-606cd71e906c}</UniqueIdentifier>
    </Filter>
    <Filter Include="Object">
      <UniqueIdentifier>{02338913-e83f-4b4f-8b00-772ee6ed0edc}</UniqueIdentifier>
    </Filter>
    <Filter Include="Scene">
      <UniqueIdentifier>{ea4b105b-e1ee-4845-b9da-91f53416a68e}</UniqueIdentifier>
    </Filter>
    <Filter Include="DB">
      <UniqueIdentifier>{6bfec675-2863-49b6-ada3-52281d0a8985}</UniqueIdentifier>
    </Filter>
    <Filter Include="network">
      <UniqueIdentifier>{1f6a4a0e-d3c2-4eae-a1d9-5a17a699e5fa}</UniqueIdentifier>
    </Filter>
  </ItemGroup>
  <ItemGroup>
    <ClCompile Include="src\Scene.cpp">
      <Filter>Scene</Filter>
    </ClCompile>
    <ClCompile Include="src\BGObject.cpp">
      <Filter>Object</Filter>
    </ClCompile>
    <ClCompile Include="src\Character.cpp">
      <Filter>Object</Filter>
    </ClCompile>
    <ClCompile Include="src\Factory.cpp">
      <Filter>Factory</Filter>
    </ClCompile>
    <ClCompile Include="src\main.cpp">
      <Filter>Main</Filter>
    </ClCompile>
    <ClCompile Include="src\Leaderboard.cpp">
      <Filter>network</Filter>
    </ClCompile>
    <ClCompile Include="src\leaderboard_constants.cpp">
      <Filter>network</Filter>
    </ClCompile>
    <ClCompile Include="src\leaderboard_types.cpp">
      <Filter>network</Filter>
    </ClCompile>
  </ItemGroup>
  <ItemGroup>
    <ClInclude Include="src\Scene.h">
      <Filter>Scene</Filter>
    </ClInclude>
    <ClInclude Include="src\BGObject.h">
      <Filter>Object</Filter>
    </ClInclude>
    <ClInclude Include="src\Character.h">
      <Filter>Object</Filter>
    </ClInclude>
    <ClInclude Include="src\Factory.h">
      <Filter>Factory</Filter>
    </ClInclude>
    <ClInclude Include="src\Leaderboard.h">
      <Filter>network</Filter>
    </ClInclude>
    <ClInclude Include="src\leaderboard_constants.h">
      <Filter>network</Filter>
    </ClInclude>
    <ClInclude Include="src\leaderboard_types.h">
      <Filter>network</Filter>
    </ClInclude>
  </ItemGroup>
</Project>